
Microsoft Visual Studio Solution File, Format Version 12.00
# Visual Studio Version 17
VisualStudioVersion = 17.7.34031.279
MinimumVisualStudioVersion = 10.0.40219.1
Project("{FAE04EC0-301F-11D3-BF4B-00C04F79EFBC}") = "mf-dev-backend-2023", "mf-dev-backend-2023\mf-dev-backend-2023.csproj", "{7915D398-CA84-4FB5-B7D0-13F4C1541B52}"
EndProject
Global
	GlobalSection(SolutionConfigurationPlatforms) = preSolution
		Debug|Any CPU = Debug|Any CPU
		Release|Any CPU = Release|Any CPU
	EndGlobalSection
	GlobalSection(ProjectConfigurationPlatforms) = postSolution
		{7915D398-CA84-4FB5-B7D0-13F4C1541B52}.Debug|Any CPU.ActiveCfg = Debug|Any CPU
		{7915D398-CA84-4FB5-B7D0-13F4C1541B52}.Debug|Any CPU.Build.0 = Debug|Any CPU
		{7915D398-CA84-4FB5-B7D0-13F4C1541B52}.Release|Any CPU.ActiveCfg = Release|Any CPU
		{7915D398-CA84-4FB5-B7D0-13F4C1541B52}.Release|Any CPU.Build.0 = Release|Any CPU
	EndGlobalSection
	GlobalSection(SolutionProperties) = preSolution
		HideSolutionNode = FALSE
	EndGlobalSection
	GlobalSection(ExtensibilityGlobals) = postSolution
		SolutionGuid = {6E94A8D4-A16F-4B7B-BA66-9A1158B2D09A}
	EndGlobalSection
EndGlobal
